
Microsoft Visual Studio Solution File, Format Version 12.00
# Visual Studio Version 16
VisualStudioVersion = 16.0.30804.86
MinimumVisualStudioVersion = 10.0.40219.1
Project("{9A19103F-16F7-4668-BE54-9A1E7A4F7556}") = "eBordo.Api", "eBordo.Api\eBordo.Api.csproj", "{9C67F490-EAD8-43E7-8F4B-00816173DB12}"
EndProject
Project("{9A19103F-16F7-4668-BE54-9A1E7A4F7556}") = "eBordo.Model", "eBordo.Model\eBordo.Model.csproj", "{77251DC3-2526-433E-8269-A78C995AD900}"
EndProject
Project("{FAE04EC0-301F-11D3-BF4B-00C04F79EFBC}") = "eBordo.WinUI", "eBordo.WinUI\eBordo.WinUI.csproj", "{912FAA39-A827-41F6-BCE0-928D3BDEAF19}"
EndProject
Global
	GlobalSection(SolutionConfigurationPlatforms) = preSolution
		Debug|Any CPU = Debug|Any CPU
		Release|Any CPU = Release|Any CPU
	EndGlobalSection
	GlobalSection(ProjectConfigurationPlatforms) = postSolution
		{9C67F490-EAD8-43E7-8F4B-00816173DB12}.Debug|Any CPU.ActiveCfg = Debug|Any CPU
		{9C67F490-EAD8-43E7-8F4B-00816173DB12}.Debug|Any CPU.Build.0 = Debug|Any CPU
		{9C67F490-EAD8-43E7-8F4B-00816173DB12}.Release|Any CPU.ActiveCfg = Release|Any CPU
		{9C67F490-EAD8-43E7-8F4B-00816173DB12}.Release|Any CPU.Build.0 = Release|Any CPU
		{77251DC3-2526-433E-8269-A78C995AD900}.Debug|Any CPU.ActiveCfg = Debug|Any CPU
		{77251DC3-2526-433E-8269-A78C995AD900}.Debug|Any CPU.Build.0 = Debug|Any CPU
		{77251DC3-2526-433E-8269-A78C995AD900}.Release|Any CPU.ActiveCfg = Release|Any CPU
		{77251DC3-2526-433E-8269-A78C995AD900}.Release|Any CPU.Build.0 = Release|Any CPU
		{912FAA39-A827-41F6-BCE0-928D3BDEAF19}.Debug|Any CPU.ActiveCfg = Debug|Any CPU
		{912FAA39-A827-41F6-BCE0-928D3BDEAF19}.Debug|Any CPU.Build.0 = Debug|Any CPU
		{912FAA39-A827-41F6-BCE0-928D3BDEAF19}.Release|Any CPU.ActiveCfg = Release|Any CPU
		{912FAA39-A827-41F6-BCE0-928D3BDEAF19}.Release|Any CPU.Build.0 = Release|Any CPU
	EndGlobalSection
	GlobalSection(SolutionProperties) = preSolution
		HideSolutionNode = FALSE
	EndGlobalSection
	GlobalSection(ExtensibilityGlobals) = postSolution
		SolutionGuid = {491A590E-EE11-4AB0-B2BB-8D2FAA64F5DA}
	EndGlobalSection
EndGlobal
